// !$*UTF8*$!
{
	archiveVersion = 1;
	classes = {
	};
	objectVersion = 46;
	objects = {

/* Begin PBXBuildFile section */
		149B26651DE27215000DEDF0 /* MapsViewController.m in Sources */ = {isa = PBXBuildFile; fileRef = 149B26641DE27215000DEDF0 /* MapsViewController.m */; };
		149FD95D1DE2431500CB1808 /* LogInViewController.m in Sources */ = {isa = PBXBuildFile; fileRef = 149FD95C1DE2431500CB1808 /* LogInViewController.m */; };
		149FD9601DE2434200CB1808 /* SignInViewController.m in Sources */ = {isa = PBXBuildFile; fileRef = 149FD95F1DE2434200CB1808 /* SignInViewController.m */; };
		14A8918E1DF6070500E4DEC6 /* User.m in Sources */ = {isa = PBXBuildFile; fileRef = 14A8918D1DF6070500E4DEC6 /* User.m */; };
		14AF0EE71DF511CF00226F54 /* FriendViewController.m in Sources */ = {isa = PBXBuildFile; fileRef = 14AF0EE61DF511CF00226F54 /* FriendViewController.m */; };
		14EAF1F71DDE400A00874D28 /* main.m in Sources */ = {isa = PBXBuildFile; fileRef = 14EAF1F61DDE400A00874D28 /* main.m */; };
		14EAF1FA1DDE400A00874D28 /* AppDelegate.m in Sources */ = {isa = PBXBuildFile; fileRef = 14EAF1F91DDE400A00874D28 /* AppDelegate.m */; };
		14EAF1FD1DDE400A00874D28 /* ViewController.m in Sources */ = {isa = PBXBuildFile; fileRef = 14EAF1FC1DDE400A00874D28 /* ViewController.m */; };
		14EAF2001DDE400A00874D28 /* Main.storyboard in Resources */ = {isa = PBXBuildFile; fileRef = 14EAF1FE1DDE400A00874D28 /* Main.storyboard */; };
		14EAF2021DDE400A00874D28 /* Assets.xcassets in Resources */ = {isa = PBXBuildFile; fileRef = 14EAF2011DDE400A00874D28 /* Assets.xcassets */; };
		14EAF2051DDE400A00874D28 /* LaunchScreen.storyboard in Resources */ = {isa = PBXBuildFile; fileRef = 14EAF2031DDE400A00874D28 /* LaunchScreen.storyboard */; };
		15F5CBD4D781F4DEE9933157 /* libPods-whatsUp.a in Frameworks */ = {isa = PBXBuildFile; fileRef = BF20F41E0EBC4A7AF4CEDDE4 /* libPods-whatsUp.a */; };
		587CD3681DFF806400B6D9E7 /* GoogleService-Info.plist in Resources */ = {isa = PBXBuildFile; fileRef = 587CD3671DFF806400B6D9E7 /* GoogleService-Info.plist */; };
		587CD36A1DFF823400B6D9E7 /* MapKit.framework in Frameworks */ = {isa = PBXBuildFile; fileRef = 587CD3691DFF823400B6D9E7 /* MapKit.framework */; };
		587CD36D1DFF827400B6D9E7 /* CheckIn.m in Sources */ = {isa = PBXBuildFile; fileRef = 587CD36C1DFF827400B6D9E7 /* CheckIn.m */; };
		587CD3701DFF837700B6D9E7 /* ImageViewController.m in Sources */ = {isa = PBXBuildFile; fileRef = 587CD36F1DFF837700B6D9E7 /* ImageViewController.m */; };
		587CD3731DFF838400B6D9E7 /* URLViewController.m in Sources */ = {isa = PBXBuildFile; fileRef = 587CD3721DFF838400B6D9E7 /* URLViewController.m */; };
		684FA20418DF20BB7ABB68E9 /* libPods-whatsUpUITests.a in Frameworks */ = {isa = PBXBuildFile; fileRef = 16DDE26851D55512F7EA9BEF /* libPods-whatsUpUITests.a */; };
		BB1DCF9955482177E6CC973F /* libPods-whatsUpTests.a in Frameworks */ = {isa = PBXBuildFile; fileRef = 30ECC6EE88C2B39C368B6D0F /* libPods-whatsUpTests.a */; };
/* End PBXBuildFile section */

/* Begin PBXContainerItemProxy section */
		14EAF20C1DDE400B00874D28 /* PBXContainerItemProxy */ = {
			isa = PBXContainerItemProxy;
			containerPortal = 14EAF1EA1DDE400A00874D28 /* Project object */;
			proxyType = 1;
			remoteGlobalIDString = 14EAF1F11DDE400A00874D28;
			remoteInfo = whatsUp;
		};
		14EAF2171DDE400B00874D28 /* PBXContainerItemProxy */ = {
			isa = PBXContainerItemProxy;
			containerPortal = 14EAF1EA1DDE400A00874D28 /* Project object */;
			proxyType = 1;
			remoteGlobalIDString = 14EAF1F11DDE400A00874D28;
			remoteInfo = whatsUp;
		};
/* End PBXContainerItemProxy section */

/* Begin PBXFileReference section */
		149B26631DE27215000DEDF0 /* MapsViewController.h */ = {isa = PBXFileReference; fileEncoding = 4; lastKnownFileType = sourcecode.c.h; path = MapsViewController.h; sourceTree = "<group>"; };
		149B26641DE27215000DEDF0 /* MapsViewController.m */ = {isa = PBXFileReference; fileEncoding = 4; lastKnownFileType = sourcecode.c.objc; path = MapsViewController.m; sourceTree = "<group>"; };
		149FD95B1DE2431500CB1808 /* LogInViewController.h */ = {isa = PBXFileReference; fileEncoding = 4; lastKnownFileType = sourcecode.c.h; path = LogInViewController.h; sourceTree = "<group>"; };
		149FD95C1DE2431500CB1808 /* LogInViewController.m */ = {isa = PBXFileReference; fileEncoding = 4; lastKnownFileType = sourcecode.c.objc; path = LogInViewController.m; sourceTree = "<group>"; };
		149FD95E1DE2434200CB1808 /* SignInViewController.h */ = {isa = PBXFileReference; fileEncoding = 4; lastKnownFileType = sourcecode.c.h; path = SignInViewController.h; sourceTree = "<group>"; };
		149FD95F1DE2434200CB1808 /* SignInViewController.m */ = {isa = PBXFileReference; fileEncoding = 4; lastKnownFileType = sourcecode.c.objc; path = SignInViewController.m; sourceTree = "<group>"; };
		14A8918C1DF6070500E4DEC6 /* User.h */ = {isa = PBXFileReference; fileEncoding = 4; lastKnownFileType = sourcecode.c.h; path = User.h; sourceTree = "<group>"; };
		14A8918D1DF6070500E4DEC6 /* User.m */ = {isa = PBXFileReference; fileEncoding = 4; lastKnownFileType = sourcecode.c.objc; path = User.m; sourceTree = "<group>"; };
		14AF0EE51DF511CF00226F54 /* FriendViewController.h */ = {isa = PBXFileReference; fileEncoding = 4; lastKnownFileType = sourcecode.c.h; path = FriendViewController.h; sourceTree = "<group>"; };
		14AF0EE61DF511CF00226F54 /* FriendViewController.m */ = {isa = PBXFileReference; fileEncoding = 4; lastKnownFileType = sourcecode.c.objc; path = FriendViewController.m; sourceTree = "<group>"; };
		14EAF1F21DDE400A00874D28 /* whatsUp.app */ = {isa = PBXFileReference; explicitFileType = wrapper.application; includeInIndex = 0; path = whatsUp.app; sourceTree = BUILT_PRODUCTS_DIR; };
		14EAF1F61DDE400A00874D28 /* main.m */ = {isa = PBXFileReference; lastKnownFileType = sourcecode.c.objc; path = main.m; sourceTree = "<group>"; };
		14EAF1F81DDE400A00874D28 /* AppDelegate.h */ = {isa = PBXFileReference; lastKnownFileType = sourcecode.c.h; path = AppDelegate.h; sourceTree = "<group>"; };
		14EAF1F91DDE400A00874D28 /* AppDelegate.m */ = {isa = PBXFileReference; lastKnownFileType = sourcecode.c.objc; path = AppDelegate.m; sourceTree = "<group>"; };
		14EAF1FB1DDE400A00874D28 /* ViewController.h */ = {isa = PBXFileReference; lastKnownFileType = sourcecode.c.h; path = ViewController.h; sourceTree = "<group>"; };
		14EAF1FC1DDE400A00874D28 /* ViewController.m */ = {isa = PBXFileReference; lastKnownFileType = sourcecode.c.objc; path = ViewController.m; sourceTree = "<group>"; };
		14EAF1FF1DDE400A00874D28 /* Base */ = {isa = PBXFileReference; lastKnownFileType = file.storyboard; name = Base; path = Base.lproj/Main.storyboard; sourceTree = "<group>"; };
		14EAF2011DDE400A00874D28 /* Assets.xcassets */ = {isa = PBXFileReference; lastKnownFileType = folder.assetcatalog; path = Assets.xcassets; sourceTree = "<group>"; };
		14EAF2041DDE400A00874D28 /* Base */ = {isa = PBXFileReference; lastKnownFileType = file.storyboard; name = Base; path = Base.lproj/LaunchScreen.storyboard; sourceTree = "<group>"; };
		14EAF2061DDE400A00874D28 /* Info.plist */ = {isa = PBXFileReference; lastKnownFileType = text.plist.xml; path = Info.plist; sourceTree = "<group>"; };
		14EAF20B1DDE400B00874D28 /* whatsUpTests.xctest */ = {isa = PBXFileReference; explicitFileType = wrapper.cfbundle; includeInIndex = 0; path = whatsUpTests.xctest; sourceTree = BUILT_PRODUCTS_DIR; };
		14EAF2161DDE400B00874D28 /* whatsUpUITests.xctest */ = {isa = PBXFileReference; explicitFileType = wrapper.cfbundle; includeInIndex = 0; path = whatsUpUITests.xctest; sourceTree = BUILT_PRODUCTS_DIR; };
		16DDE26851D55512F7EA9BEF /* libPods-whatsUpUITests.a */ = {isa = PBXFileReference; explicitFileType = archive.ar; includeInIndex = 0; path = "libPods-whatsUpUITests.a"; sourceTree = BUILT_PRODUCTS_DIR; };
		2DD791B044CDE6D523787A06 /* Pods-whatsUpUITests.debug.xcconfig */ = {isa = PBXFileReference; includeInIndex = 1; lastKnownFileType = text.xcconfig; name = "Pods-whatsUpUITests.debug.xcconfig"; path = "Pods/Target Support Files/Pods-whatsUpUITests/Pods-whatsUpUITests.debug.xcconfig"; sourceTree = "<group>"; };
		30ECC6EE88C2B39C368B6D0F /* libPods-whatsUpTests.a */ = {isa = PBXFileReference; explicitFileType = archive.ar; includeInIndex = 0; path = "libPods-whatsUpTests.a"; sourceTree = BUILT_PRODUCTS_DIR; };
		48BA6B589F9EF3634BA041BA /* Pods-whatsUp.release.xcconfig */ = {isa = PBXFileReference; includeInIndex = 1; lastKnownFileType = text.xcconfig; name = "Pods-whatsUp.release.xcconfig"; path = "Pods/Target Support Files/Pods-whatsUp/Pods-whatsUp.release.xcconfig"; sourceTree = "<group>"; };
		587CD3671DFF806400B6D9E7 /* GoogleService-Info.plist */ = {isa = PBXFileReference; fileEncoding = 4; lastKnownFileType = text.plist.xml; name = "GoogleService-Info.plist"; path = "../../../GoogleService-Info.plist"; sourceTree = "<group>"; };
		587CD3691DFF823400B6D9E7 /* MapKit.framework */ = {isa = PBXFileReference; lastKnownFileType = wrapper.framework; name = MapKit.framework; path = System/Library/Frameworks/MapKit.framework; sourceTree = SDKROOT; };
		587CD36B1DFF827400B6D9E7 /* CheckIn.h */ = {isa = PBXFileReference; fileEncoding = 4; lastKnownFileType = sourcecode.c.h; path = CheckIn.h; sourceTree = "<group>"; };
		587CD36C1DFF827400B6D9E7 /* CheckIn.m */ = {isa = PBXFileReference; fileEncoding = 4; lastKnownFileType = sourcecode.c.objc; path = CheckIn.m; sourceTree = "<group>"; };
		587CD36E1DFF837700B6D9E7 /* ImageViewController.h */ = {isa = PBXFileReference; fileEncoding = 4; lastKnownFileType = sourcecode.c.h; path = ImageViewController.h; sourceTree = "<group>"; };
		587CD36F1DFF837700B6D9E7 /* ImageViewController.m */ = {isa = PBXFileReference; fileEncoding = 4; lastKnownFileType = sourcecode.c.objc; path = ImageViewController.m; sourceTree = "<group>"; };
		587CD3711DFF838400B6D9E7 /* URLViewController.h */ = {isa = PBXFileReference; fileEncoding = 4; lastKnownFileType = sourcecode.c.h; path = URLViewController.h; sourceTree = "<group>"; };
		587CD3721DFF838400B6D9E7 /* URLViewController.m */ = {isa = PBXFileReference; fileEncoding = 4; lastKnownFileType = sourcecode.c.objc; path = URLViewController.m; sourceTree = "<group>"; };
		643BE7AB9BCB7260481DF19D /* Pods-whatsUpTests.release.xcconfig */ = {isa = PBXFileReference; includeInIndex = 1; lastKnownFileType = text.xcconfig; name = "Pods-whatsUpTests.release.xcconfig"; path = "Pods/Target Support Files/Pods-whatsUpTests/Pods-whatsUpTests.release.xcconfig"; sourceTree = "<group>"; };
		6717B3E5538EBEAE1AF1358E /* Pods-whatsUpTests.debug.xcconfig */ = {isa = PBXFileReference; includeInIndex = 1; lastKnownFileType = text.xcconfig; name = "Pods-whatsUpTests.debug.xcconfig"; path = "Pods/Target Support Files/Pods-whatsUpTests/Pods-whatsUpTests.debug.xcconfig"; sourceTree = "<group>"; };
		7C220F9486B0A7DC4CEEB6DB /* Pods-whatsUp.debug.xcconfig */ = {isa = PBXFileReference; includeInIndex = 1; lastKnownFileType = text.xcconfig; name = "Pods-whatsUp.debug.xcconfig"; path = "Pods/Target Support Files/Pods-whatsUp/Pods-whatsUp.debug.xcconfig"; sourceTree = "<group>"; };
		BF20F41E0EBC4A7AF4CEDDE4 /* libPods-whatsUp.a */ = {isa = PBXFileReference; explicitFileType = archive.ar; includeInIndex = 0; path = "libPods-whatsUp.a"; sourceTree = BUILT_PRODUCTS_DIR; };
		D37209F85302E6F3C4902A8F /* Pods-whatsUpUITests.release.xcconfig */ = {isa = PBXFileReference; includeInIndex = 1; lastKnownFileType = text.xcconfig; name = "Pods-whatsUpUITests.release.xcconfig"; path = "Pods/Target Support Files/Pods-whatsUpUITests/Pods-whatsUpUITests.release.xcconfig"; sourceTree = "<group>"; };
/* End PBXFileReference section */

/* Begin PBXFrameworksBuildPhase section */
		14EAF1EF1DDE400A00874D28 /* Frameworks */ = {
			isa = PBXFrameworksBuildPhase;
			buildActionMask = 2147483647;
			files = (
				587CD36A1DFF823400B6D9E7 /* MapKit.framework in Frameworks */,
				15F5CBD4D781F4DEE9933157 /* libPods-whatsUp.a in Frameworks */,
			);
			runOnlyForDeploymentPostprocessing = 0;
		};
		14EAF2081DDE400B00874D28 /* Frameworks */ = {
			isa = PBXFrameworksBuildPhase;
			buildActionMask = 2147483647;
			files = (
				BB1DCF9955482177E6CC973F /* libPods-whatsUpTests.a in Frameworks */,
			);
			runOnlyForDeploymentPostprocessing = 0;
		};
		14EAF2131DDE400B00874D28 /* Frameworks */ = {
			isa = PBXFrameworksBuildPhase;
			buildActionMask = 2147483647;
			files = (
				684FA20418DF20BB7ABB68E9 /* libPods-whatsUpUITests.a in Frameworks */,
			);
			runOnlyForDeploymentPostprocessing = 0;
		};
/* End PBXFrameworksBuildPhase section */

/* Begin PBXGroup section */
		14EAF1E91DDE400A00874D28 = {
			isa = PBXGroup;
			children = (
				14EAF1F41DDE400A00874D28 /* whatsUp */,
				14EAF1F31DDE400A00874D28 /* Products */,
				B34425673F488278C30C017D /* Pods */,
				CA7BD28DE14A0D2F56E6054A /* Frameworks */,
			);
			sourceTree = "<group>";
		};
		14EAF1F31DDE400A00874D28 /* Products */ = {
			isa = PBXGroup;
			children = (
				14EAF1F21DDE400A00874D28 /* whatsUp.app */,
				14EAF20B1DDE400B00874D28 /* whatsUpTests.xctest */,
				14EAF2161DDE400B00874D28 /* whatsUpUITests.xctest */,
			);
			name = Products;
			sourceTree = "<group>";
		};
		14EAF1F41DDE400A00874D28 /* whatsUp */ = {
			isa = PBXGroup;
			children = (
				14EAF1F81DDE400A00874D28 /* AppDelegate.h */,
				14EAF1F91DDE400A00874D28 /* AppDelegate.m */,
				14EAF1FB1DDE400A00874D28 /* ViewController.h */,
				14EAF1FC1DDE400A00874D28 /* ViewController.m */,
				149FD95B1DE2431500CB1808 /* LogInViewController.h */,
				149FD95C1DE2431500CB1808 /* LogInViewController.m */,
				149FD95E1DE2434200CB1808 /* SignInViewController.h */,
				149FD95F1DE2434200CB1808 /* SignInViewController.m */,
				14EAF1FE1DDE400A00874D28 /* Main.storyboard */,
				14AF0EE51DF511CF00226F54 /* FriendViewController.h */,
				14AF0EE61DF511CF00226F54 /* FriendViewController.m */,
				14A8918C1DF6070500E4DEC6 /* User.h */,
				14A8918D1DF6070500E4DEC6 /* User.m */,
				587CD36B1DFF827400B6D9E7 /* CheckIn.h */,
				587CD36C1DFF827400B6D9E7 /* CheckIn.m */,
				149B26631DE27215000DEDF0 /* MapsViewController.h */,
				149B26641DE27215000DEDF0 /* MapsViewController.m */,
				587CD36E1DFF837700B6D9E7 /* ImageViewController.h */,
				587CD36F1DFF837700B6D9E7 /* ImageViewController.m */,
				587CD3711DFF838400B6D9E7 /* URLViewController.h */,
				587CD3721DFF838400B6D9E7 /* URLViewController.m */,
				14EAF2011DDE400A00874D28 /* Assets.xcassets */,
				14EAF2031DDE400A00874D28 /* LaunchScreen.storyboard */,
				14EAF2061DDE400A00874D28 /* Info.plist */,
				587CD3671DFF806400B6D9E7 /* GoogleService-Info.plist */,
				14EAF1F51DDE400A00874D28 /* Supporting Files */,
			);
			path = whatsUp;
			sourceTree = "<group>";
		};
		14EAF1F51DDE400A00874D28 /* Supporting Files */ = {
			isa = PBXGroup;
			children = (
				14EAF1F61DDE400A00874D28 /* main.m */,
			);
			name = "Supporting Files";
			sourceTree = "<group>";
		};
		B34425673F488278C30C017D /* Pods */ = {
			isa = PBXGroup;
			children = (
				7C220F9486B0A7DC4CEEB6DB /* Pods-whatsUp.debug.xcconfig */,
				48BA6B589F9EF3634BA041BA /* Pods-whatsUp.release.xcconfig */,
				6717B3E5538EBEAE1AF1358E /* Pods-whatsUpTests.debug.xcconfig */,
				643BE7AB9BCB7260481DF19D /* Pods-whatsUpTests.release.xcconfig */,
				2DD791B044CDE6D523787A06 /* Pods-whatsUpUITests.debug.xcconfig */,
				D37209F85302E6F3C4902A8F /* Pods-whatsUpUITests.release.xcconfig */,
			);
			name = Pods;
			sourceTree = "<group>";
		};
		CA7BD28DE14A0D2F56E6054A /* Frameworks */ = {
			isa = PBXGroup;
			children = (
				587CD3691DFF823400B6D9E7 /* MapKit.framework */,
				BF20F41E0EBC4A7AF4CEDDE4 /* libPods-whatsUp.a */,
				30ECC6EE88C2B39C368B6D0F /* libPods-whatsUpTests.a */,
				16DDE26851D55512F7EA9BEF /* libPods-whatsUpUITests.a */,
			);
			name = Frameworks;
			sourceTree = "<group>";
		};
/* End PBXGroup section */

/* Begin PBXNativeTarget section */
		14EAF1F11DDE400A00874D28 /* whatsUp */ = {
			isa = PBXNativeTarget;
			buildConfigurationList = 14EAF21F1DDE400B00874D28 /* Build configuration list for PBXNativeTarget "whatsUp" */;
			buildPhases = (
				E9D1876C07664C9A0BCD7C65 /* [CP] Check Pods Manifest.lock */,
				14EAF1EE1DDE400A00874D28 /* Sources */,
				14EAF1EF1DDE400A00874D28 /* Frameworks */,
				14EAF1F01DDE400A00874D28 /* Resources */,
				33C0212F9D76737DCB62B482 /* [CP] Embed Pods Frameworks */,
				69A3CC5830F036EBEDAD0F81 /* [CP] Copy Pods Resources */,
			);
			buildRules = (
			);
			dependencies = (
			);
			name = whatsUp;
			productName = whatsUp;
			productReference = 14EAF1F21DDE400A00874D28 /* whatsUp.app */;
			productType = "com.apple.product-type.application";
		};
		14EAF20A1DDE400B00874D28 /* whatsUpTests */ = {
			isa = PBXNativeTarget;
			buildConfigurationList = 14EAF2221DDE400B00874D28 /* Build configuration list for PBXNativeTarget "whatsUpTests" */;
			buildPhases = (
				A71DF2AE1AF7BE94E582166B /* [CP] Check Pods Manifest.lock */,
				14EAF2071DDE400B00874D28 /* Sources */,
				14EAF2081DDE400B00874D28 /* Frameworks */,
				14EAF2091DDE400B00874D28 /* Resources */,
				753BD97D46BA181C2CB6816E /* [CP] Embed Pods Frameworks */,
				C22F27523F7E5213DF6DF997 /* [CP] Copy Pods Resources */,
			);
			buildRules = (
			);
			dependencies = (
				14EAF20D1DDE400B00874D28 /* PBXTargetDependency */,
			);
			name = whatsUpTests;
			productName = whatsUpTests;
			productReference = 14EAF20B1DDE400B00874D28 /* whatsUpTests.xctest */;
			productType = "com.apple.product-type.bundle.unit-test";
		};
		14EAF2151DDE400B00874D28 /* whatsUpUITests */ = {
			isa = PBXNativeTarget;
			buildConfigurationList = 14EAF2251DDE400B00874D28 /* Build configuration list for PBXNativeTarget "whatsUpUITests" */;
			buildPhases = (
				7502B7FFFC60067975ACA6FE /* [CP] Check Pods Manifest.lock */,
				14EAF2121DDE400B00874D28 /* Sources */,
				14EAF2131DDE400B00874D28 /* Frameworks */,
				14EAF2141DDE400B00874D28 /* Resources */,
				9D5EB2B6C5039F38CF39757F /* [CP] Embed Pods Frameworks */,
				D3D96D9AD89A2B96C81192B6 /* [CP] Copy Pods Resources */,
			);
			buildRules = (
			);
			dependencies = (
				14EAF2181DDE400B00874D28 /* PBXTargetDependency */,
			);
			name = whatsUpUITests;
			productName = whatsUpUITests;
			productReference = 14EAF2161DDE400B00874D28 /* whatsUpUITests.xctest */;
			productType = "com.apple.product-type.bundle.ui-testing";
		};
/* End PBXNativeTarget section */

/* Begin PBXProject section */
		14EAF1EA1DDE400A00874D28 /* Project object */ = {
			isa = PBXProject;
			attributes = {
				LastUpgradeCheck = 0800;
				ORGANIZATIONNAME = NYU;
				TargetAttributes = {
					14EAF1F11DDE400A00874D28 = {
						CreatedOnToolsVersion = 8.0;
						ProvisioningStyle = Automatic;
					};
					14EAF20A1DDE400B00874D28 = {
						CreatedOnToolsVersion = 8.0;
						ProvisioningStyle = Automatic;
						TestTargetID = 14EAF1F11DDE400A00874D28;
					};
					14EAF2151DDE400B00874D28 = {
						CreatedOnToolsVersion = 8.0;
						ProvisioningStyle = Automatic;
						TestTargetID = 14EAF1F11DDE400A00874D28;
					};
				};
			};
			buildConfigurationList = 14EAF1ED1DDE400A00874D28 /* Build configuration list for PBXProject "whatsUp" */;
			compatibilityVersion = "Xcode 3.2";
			developmentRegion = English;
			hasScannedForEncodings = 0;
			knownRegions = (
				en,
				Base,
			);
			mainGroup = 14EAF1E91DDE400A00874D28;
			productRefGroup = 14EAF1F31DDE400A00874D28 /* Products */;
			projectDirPath = "";
			projectRoot = "";
			targets = (
				14EAF1F11DDE400A00874D28 /* whatsUp */,
				14EAF20A1DDE400B00874D28 /* whatsUpTests */,
				14EAF2151DDE400B00874D28 /* whatsUpUITests */,
			);
		};
/* End PBXProject section */

/* Begin PBXResourcesBuildPhase section */
		14EAF1F01DDE400A00874D28 /* Resources */ = {
			isa = PBXResourcesBuildPhase;
			buildActionMask = 2147483647;
			files = (
				14EAF2051DDE400A00874D28 /* LaunchScreen.storyboard in Resources */,
				587CD3681DFF806400B6D9E7 /* GoogleService-Info.plist in Resources */,
				14EAF2021DDE400A00874D28 /* Assets.xcassets in Resources */,
				14EAF2001DDE400A00874D28 /* Main.storyboard in Resources */,
			);
			runOnlyForDeploymentPostprocessing = 0;
		};
		14EAF2091DDE400B00874D28 /* Resources */ = {
			isa = PBXResourcesBuildPhase;
			buildActionMask = 2147483647;
			files = (
			);
			runOnlyForDeploymentPostprocessing = 0;
		};
		14EAF2141DDE400B00874D28 /* Resources */ = {
			isa = PBXResourcesBuildPhase;
			buildActionMask = 2147483647;
			files = (
			);
			runOnlyForDeploymentPostprocessing = 0;
		};
/* End PBXResourcesBuildPhase section */

/* Begin PBXShellScriptBuildPhase section */
		33C0212F9D76737DCB62B482 /* [CP] Embed Pods Frameworks */ = {
			isa = PBXShellScriptBuildPhase;
			buildActionMask = 2147483647;
			files = (
			);
			inputPaths = (
			);
			name = "[CP] Embed Pods Frameworks";
			outputPaths = (
			);
			runOnlyForDeploymentPostprocessing = 0;
			shellPath = /bin/sh;
			shellScript = "\"${SRCROOT}/Pods/Target Support Files/Pods-whatsUp/Pods-whatsUp-frameworks.sh\"\n";
			showEnvVarsInLog = 0;
		};
		69A3CC5830F036EBEDAD0F81 /* [CP] Copy Pods Resources */ = {
			isa = PBXShellScriptBuildPhase;
			buildActionMask = 2147483647;
			files = (
			);
			inputPaths = (
			);
			name = "[CP] Copy Pods Resources";
			outputPaths = (
			);
			runOnlyForDeploymentPostprocessing = 0;
			shellPath = /bin/sh;
			shellScript = "\"${SRCROOT}/Pods/Target Support Files/Pods-whatsUp/Pods-whatsUp-resources.sh\"\n";
			showEnvVarsInLog = 0;
		};
		7502B7FFFC60067975ACA6FE /* [CP] Check Pods Manifest.lock */ = {
			isa = PBXShellScriptBuildPhase;
			buildActionMask = 2147483647;
			files = (
			);
			inputPaths = (
			);
			name = "[CP] Check Pods Manifest.lock";
			outputPaths = (
			);
			runOnlyForDeploymentPostprocessing = 0;
			shellPath = /bin/sh;
			shellScript = "diff \"${PODS_ROOT}/../Podfile.lock\" \"${PODS_ROOT}/Manifest.lock\" > /dev/null\nif [ $? != 0 ] ; then\n    # print error to STDERR\n    echo \"error: The sandbox is not in sync with the Podfile.lock. Run 'pod install' or update your CocoaPods installation.\" >&2\n    exit 1\nfi\n";
			showEnvVarsInLog = 0;
		};
		753BD97D46BA181C2CB6816E /* [CP] Embed Pods Frameworks */ = {
			isa = PBXShellScriptBuildPhase;
			buildActionMask = 2147483647;
			files = (
			);
			inputPaths = (
			);
			name = "[CP] Embed Pods Frameworks";
			outputPaths = (
			);
			runOnlyForDeploymentPostprocessing = 0;
			shellPath = /bin/sh;
			shellScript = "\"${SRCROOT}/Pods/Target Support Files/Pods-whatsUpTests/Pods-whatsUpTests-frameworks.sh\"\n";
			showEnvVarsInLog = 0;
		};
		9D5EB2B6C5039F38CF39757F /* [CP] Embed Pods Frameworks */ = {
			isa = PBXShellScriptBuildPhase;
			buildActionMask = 2147483647;
			files = (
			);
			inputPaths = (
			);
			name = "[CP] Embed Pods Frameworks";
			outputPaths = (
			);
			runOnlyForDeploymentPostprocessing = 0;
			shellPath = /bin/sh;
			shellScript = "\"${SRCROOT}/Pods/Target Support Files/Pods-whatsUpUITests/Pods-whatsUpUITests-frameworks.sh\"\n";
			showEnvVarsInLog = 0;
		};
		A71DF2AE1AF7BE94E582166B /* [CP] Check Pods Manifest.lock */ = {
			isa = PBXShellScriptBuildPhase;
			buildActionMask = 2147483647;
			files = (
			);
			inputPaths = (
			);
			name = "[CP] Check Pods Manifest.lock";
			outputPaths = (
			);
			runOnlyForDeploymentPostprocessing = 0;
			shellPath = /bin/sh;
			shellScript = "diff \"${PODS_ROOT}/../Podfile.lock\" \"${PODS_ROOT}/Manifest.lock\" > /dev/null\nif [ $? != 0 ] ; then\n    # print error to STDERR\n    echo \"error: The sandbox is not in sync with the Podfile.lock. Run 'pod install' or update your CocoaPods installation.\" >&2\n    exit 1\nfi\n";
			showEnvVarsInLog = 0;
		};
		C22F27523F7E5213DF6DF997 /* [CP] Copy Pods Resources */ = {
			isa = PBXShellScriptBuildPhase;
			buildActionMask = 2147483647;
			files = (
			);
			inputPaths = (
			);
			name = "[CP] Copy Pods Resources";
			outputPaths = (
			);
			runOnlyForDeploymentPostprocessing = 0;
			shellPath = /bin/sh;
			shellScript = "\"${SRCROOT}/Pods/Target Support Files/Pods-whatsUpTests/Pods-whatsUpTests-resources.sh\"\n";
			showEnvVarsInLog = 0;
		};
		D3D96D9AD89A2B96C81192B6 /* [CP] Copy Pods Resources */ = {
			isa = PBXShellScriptBuildPhase;
			buildActionMask = 2147483647;
			files = (
			);
			inputPaths = (
			);
			name = "[CP] Copy Pods Resources";
			outputPaths = (
			);
			runOnlyForDeploymentPostprocessing = 0;
			shellPath = /bin/sh;
			shellScript = "\"${SRCROOT}/Pods/Target Support Files/Pods-whatsUpUITests/Pods-whatsUpUITests-resources.sh\"\n";
			showEnvVarsInLog = 0;
		};
		E9D1876C07664C9A0BCD7C65 /* [CP] Check Pods Manifest.lock */ = {
			isa = PBXShellScriptBuildPhase;
			buildActionMask = 2147483647;
			files = (
			);
			inputPaths = (
			);
			name = "[CP] Check Pods Manifest.lock";
			outputPaths = (
			);
			runOnlyForDeploymentPostprocessing = 0;
			shellPath = /bin/sh;
			shellScript = "diff \"${PODS_ROOT}/../Podfile.lock\" \"${PODS_ROOT}/Manifest.lock\" > /dev/null\nif [ $? != 0 ] ; then\n    # print error to STDERR\n    echo \"error: The sandbox is not in sync with the Podfile.lock. Run 'pod install' or update your CocoaPods installation.\" >&2\n    exit 1\nfi\n";
			showEnvVarsInLog = 0;
		};
/* End PBXShellScriptBuildPhase section */

/* Begin PBXSourcesBuildPhase section */
		14EAF1EE1DDE400A00874D28 /* Sources */ = {
			isa = PBXSourcesBuildPhase;
			buildActionMask = 2147483647;
			files = (
				587CD3701DFF837700B6D9E7 /* ImageViewController.m in Sources */,
				14A8918E1DF6070500E4DEC6 /* User.m in Sources */,
				149FD9601DE2434200CB1808 /* SignInViewController.m in Sources */,
				149FD95D1DE2431500CB1808 /* LogInViewController.m in Sources */,
				14EAF1FD1DDE400A00874D28 /* ViewController.m in Sources */,
				14EAF1FA1DDE400A00874D28 /* AppDelegate.m in Sources */,
				14AF0EE71DF511CF00226F54 /* FriendViewController.m in Sources */,
				14EAF1F71DDE400A00874D28 /* main.m in Sources */,
				587CD36D1DFF827400B6D9E7 /* CheckIn.m in Sources */,
				149B26651DE27215000DEDF0 /* MapsViewController.m in Sources */,
				587CD3731DFF838400B6D9E7 /* URLViewController.m in Sources */,
			);
			runOnlyForDeploymentPostprocessing = 0;
		};
		14EAF2071DDE400B00874D28 /* Sources */ = {
			isa = PBXSourcesBuildPhase;
			buildActionMask = 2147483647;
			files = (
			);
			runOnlyForDeploymentPostprocessing = 0;
		};
		14EAF2121DDE400B00874D28 /* Sources */ = {
			isa = PBXSourcesBuildPhase;
			buildActionMask = 2147483647;
			files = (
			);
			runOnlyForDeploymentPostprocessing = 0;
		};
/* End PBXSourcesBuildPhase section */

/* Begin PBXTargetDependency section */
		14EAF20D1DDE400B00874D28 /* PBXTargetDependency */ = {
			isa = PBXTargetDependency;
			target = 14EAF1F11DDE400A00874D28 /* whatsUp */;
			targetProxy = 14EAF20C1DDE400B00874D28 /* PBXContainerItemProxy */;
		};
		14EAF2181DDE400B00874D28 /* PBXTargetDependency */ = {
			isa = PBXTargetDependency;
			target = 14EAF1F11DDE400A00874D28 /* whatsUp */;
			targetProxy = 14EAF2171DDE400B00874D28 /* PBXContainerItemProxy */;
		};
/* End PBXTargetDependency section */

/* Begin PBXVariantGroup section */
		14EAF1FE1DDE400A00874D28 /* Main.storyboard */ = {
			isa = PBXVariantGroup;
			children = (
				14EAF1FF1DDE400A00874D28 /* Base */,
			);
			name = Main.storyboard;
			sourceTree = "<group>";
		};
		14EAF2031DDE400A00874D28 /* LaunchScreen.storyboard */ = {
			isa = PBXVariantGroup;
			children = (
				14EAF2041DDE400A00874D28 /* Base */,
			);
			name = LaunchScreen.storyboard;
			sourceTree = "<group>";
		};
/* End PBXVariantGroup section */

/* Begin XCBuildConfiguration section */
		14EAF21D1DDE400B00874D28 /* Debug */ = {
			isa = XCBuildConfiguration;
			buildSettings = {
				ALWAYS_SEARCH_USER_PATHS = NO;
				CLANG_ANALYZER_NONNULL = YES;
				CLANG_CXX_LANGUAGE_STANDARD = "gnu++0x";
				CLANG_CXX_LIBRARY = "libc++";
				CLANG_ENABLE_MODULES = YES;
				CLANG_ENABLE_OBJC_ARC = YES;
				CLANG_WARN_BOOL_CONVERSION = YES;
				CLANG_WARN_CONSTANT_CONVERSION = YES;
				CLANG_WARN_DIRECT_OBJC_ISA_USAGE = YES_ERROR;
				CLANG_WARN_DOCUMENTATION_COMMENTS = YES;
				CLANG_WARN_EMPTY_BODY = YES;
				CLANG_WARN_ENUM_CONVERSION = YES;
				CLANG_WARN_INFINITE_RECURSION = YES;
				CLANG_WARN_INT_CONVERSION = YES;
				CLANG_WARN_OBJC_ROOT_CLASS = YES_ERROR;
				CLANG_WARN_SUSPICIOUS_MOVE = YES;
				CLANG_WARN_SUSPICIOUS_MOVES = YES;
				CLANG_WARN_UNREACHABLE_CODE = YES;
				CLANG_WARN__DUPLICATE_METHOD_MATCH = YES;
				"CODE_SIGN_IDENTITY[sdk=iphoneos*]" = "iPhone Developer";
				COPY_PHASE_STRIP = NO;
				DEBUG_INFORMATION_FORMAT = dwarf;
				ENABLE_STRICT_OBJC_MSGSEND = YES;
				ENABLE_TESTABILITY = YES;
				GCC_C_LANGUAGE_STANDARD = gnu99;
				GCC_DYNAMIC_NO_PIC = NO;
				GCC_NO_COMMON_BLOCKS = YES;
				GCC_OPTIMIZATION_LEVEL = 0;
				GCC_PREPROCESSOR_DEFINITIONS = (
					"DEBUG=1",
					"$(inherited)",
				);
				GCC_WARN_64_TO_32_BIT_CONVERSION = YES;
				GCC_WARN_ABOUT_RETURN_TYPE = YES_ERROR;
				GCC_WARN_UNDECLARED_SELECTOR = YES;
				GCC_WARN_UNINITIALIZED_AUTOS = YES_AGGRESSIVE;
				GCC_WARN_UNUSED_FUNCTION = YES;
				GCC_WARN_UNUSED_VARIABLE = YES;
				IPHONEOS_DEPLOYMENT_TARGET = 10.0;
				MTL_ENABLE_DEBUG_INFO = YES;
				ONLY_ACTIVE_ARCH = YES;
				SDKROOT = iphoneos;
			};
			name = Debug;
		};
		14EAF21E1DDE400B00874D28 /* Release */ = {
			isa = XCBuildConfiguration;
			buildSettings = {
				ALWAYS_SEARCH_USER_PATHS = NO;
				CLANG_ANALYZER_NONNULL = YES;
				CLANG_CXX_LANGUAGE_STANDARD = "gnu++0x";
				CLANG_CXX_LIBRARY = "libc++";
				CLANG_ENABLE_MODULES = YES;
				CLANG_ENABLE_OBJC_ARC = YES;
				CLANG_WARN_BOOL_CONVERSION = YES;
				CLANG_WARN_CONSTANT_CONVERSION = YES;
				CLANG_WARN_DIRECT_OBJC_ISA_USAGE = YES_ERROR;
				CLANG_WARN_DOCUMENTATION_COMMENTS = YES;
				CLANG_WARN_EMPTY_BODY = YES;
				CLANG_WARN_ENUM_CONVERSION = YES;
				CLANG_WARN_INFINITE_RECURSION = YES;
				CLANG_WARN_INT_CONVERSION = YES;
				CLANG_WARN_OBJC_ROOT_CLASS = YES_ERROR;
				CLANG_WARN_SUSPICIOUS_MOVE = YES;
				CLANG_WARN_SUSPICIOUS_MOVES = YES;
				CLANG_WARN_UNREACHABLE_CODE = YES;
				CLANG_WARN__DUPLICATE_METHOD_MATCH = YES;
				"CODE_SIGN_IDENTITY[sdk=iphoneos*]" = "iPhone Developer";
				COPY_PHASE_STRIP = NO;
				DEBUG_INFORMATION_FORMAT = "dwarf-with-dsym";
				ENABLE_NS_ASSERTIONS = NO;
				ENABLE_STRICT_OBJC_MSGSEND = YES;
				GCC_C_LANGUAGE_STANDARD = gnu99;
				GCC_NO_COMMON_BLOCKS = YES;
				GCC_WARN_64_TO_32_BIT_CONVERSION = YES;
				GCC_WARN_ABOUT_RETURN_TYPE = YES_ERROR;
				GCC_WARN_UNDECLARED_SELECTOR = YES;
				GCC_WARN_UNINITIALIZED_AUTOS = YES_AGGRESSIVE;
				GCC_WARN_UNUSED_FUNCTION = YES;
				GCC_WARN_UNUSED_VARIABLE = YES;
				IPHONEOS_DEPLOYMENT_TARGET = 10.0;
				MTL_ENABLE_DEBUG_INFO = NO;
				SDKROOT = iphoneos;
				VALIDATE_PRODUCT = YES;
			};
			name = Release;
		};
		14EAF2201DDE400B00874D28 /* Debug */ = {
			isa = XCBuildConfiguration;
			baseConfigurationReference = 7C220F9486B0A7DC4CEEB6DB /* Pods-whatsUp.debug.xcconfig */;
			buildSettings = {
				ASSETCATALOG_COMPILER_APPICON_NAME = AppIcon;
				INFOPLIST_FILE = whatsUp/Info.plist;
				LD_RUNPATH_SEARCH_PATHS = "$(inherited) @executable_path/Frameworks";
				PRODUCT_BUNDLE_IDENTIFIER = nyu.edu.whatsUp;
				PRODUCT_NAME = "$(TARGET_NAME)";
			};
			name = Debug;
		};
		14EAF2211DDE400B00874D28 /* Release */ = {
			isa = XCBuildConfiguration;
			baseConfigurationReference = 48BA6B589F9EF3634BA041BA /* Pods-whatsUp.release.xcconfig */;
			buildSettings = {
				ASSETCATALOG_COMPILER_APPICON_NAME = AppIcon;
				INFOPLIST_FILE = whatsUp/Info.plist;
				LD_RUNPATH_SEARCH_PATHS = "$(inherited) @executable_path/Frameworks";
				PRODUCT_BUNDLE_IDENTIFIER = nyu.edu.whatsUp;
				PRODUCT_NAME = "$(TARGET_NAME)";
			};
			name = Release;
		};
		14EAF2231DDE400B00874D28 /* Debug */ = {
			isa = XCBuildConfiguration;
			baseConfigurationReference = 6717B3E5538EBEAE1AF1358E /* Pods-whatsUpTests.debug.xcconfig */;
			buildSettings = {
				BUNDLE_LOADER = "$(TEST_HOST)";
				INFOPLIST_FILE = whatsUpTests/Info.plist;
				LD_RUNPATH_SEARCH_PATHS = "$(inherited) @executable_path/Frameworks @loader_path/Frameworks";
				PRODUCT_BUNDLE_IDENTIFIER = nyu.edu.whatsUpTests;
				PRODUCT_NAME = "$(TARGET_NAME)";
				TEST_HOST = "$(BUILT_PRODUCTS_DIR)/whatsUp.app/whatsUp";
			};
			name = Debug;
		};
		14EAF2241DDE400B00874D28 /* Release */ = {
			isa = XCBuildConfiguration;
			baseConfigurationReference = 643BE7AB9BCB7260481DF19D /* Pods-whatsUpTests.release.xcconfig */;
			buildSettings = {
				BUNDLE_LOADER = "$(TEST_HOST)";
				INFOPLIST_FILE = whatsUpTests/Info.plist;
				LD_RUNPATH_SEARCH_PATHS = "$(inherited) @executable_path/Frameworks @loader_path/Frameworks";
				PRODUCT_BUNDLE_IDENTIFIER = nyu.edu.whatsUpTests;
				PRODUCT_NAME = "$(TARGET_NAME)";
				TEST_HOST = "$(BUILT_PRODUCTS_DIR)/whatsUp.app/whatsUp";
			};
			name = Release;
		};
		14EAF2261DDE400B00874D28 /* Debug */ = {
			isa = XCBuildConfiguration;
			baseConfigurationReference = 2DD791B044CDE6D523787A06 /* Pods-whatsUpUITests.debug.xcconfig */;
			buildSettings = {
				INFOPLIST_FILE = whatsUpUITests/Info.plist;
				LD_RUNPATH_SEARCH_PATHS = "$(inherited) @executable_path/Frameworks @loader_path/Frameworks";
				PRODUCT_BUNDLE_IDENTIFIER = nyu.edu.whatsUpUITests;
				PRODUCT_NAME = "$(TARGET_NAME)";
				TEST_TARGET_NAME = whatsUp;
			};
			name = Debug;
		};
		14EAF2271DDE400B00874D28 /* Release */ = {
			isa = XCBuildConfiguration;
			baseConfigurationReference = D37209F85302E6F3C4902A8F /* Pods-whatsUpUITests.release.xcconfig */;
			buildSettings = {
				INFOPLIST_FILE = whatsUpUITests/Info.plist;
				LD_RUNPATH_SEARCH_PATHS = "$(inherited) @executable_path/Frameworks @loader_path/Frameworks";
				PRODUCT_BUNDLE_IDENTIFIER = nyu.edu.whatsUpUITests;
				PRODUCT_NAME = "$(TARGET_NAME)";
				TEST_TARGET_NAME = whatsUp;
			};
			name = Release;
		};
/* End XCBuildConfiguration section */

/* Begin XCConfigurationList section */
		14EAF1ED1DDE400A00874D28 /* Build configuration list for PBXProject "whatsUp" */ = {
			isa = XCConfigurationList;
			buildConfigurations = (
				14EAF21D1DDE400B00874D28 /* Debug */,
				14EAF21E1DDE400B00874D28 /* Release */,
			);
			defaultConfigurationIsVisible = 0;
			defaultConfigurationName = Release;
		};
		14EAF21F1DDE400B00874D28 /* Build configuration list for PBXNativeTarget "whatsUp" */ = {
			isa = XCConfigurationList;
			buildConfigurations = (
				14EAF2201DDE400B00874D28 /* Debug */,
				14EAF2211DDE400B00874D28 /* Release */,
			);
			defaultConfigurationIsVisible = 0;
			defaultConfigurationName = Release;
		};
		14EAF2221DDE400B00874D28 /* Build configuration list for PBXNativeTarget "whatsUpTests" */ = {
			isa = XCConfigurationList;
			buildConfigurations = (
				14EAF2231DDE400B00874D28 /* Debug */,
				14EAF2241DDE400B00874D28 /* Release */,
			);
			defaultConfigurationIsVisible = 0;
			defaultConfigurationName = Release;
		};
		14EAF2251DDE400B00874D28 /* Build configuration list for PBXNativeTarget "whatsUpUITests" */ = {
			isa = XCConfigurationList;
			buildConfigurations = (
				14EAF2261DDE400B00874D28 /* Debug */,
				14EAF2271DDE400B00874D28 /* Release */,
			);
			defaultConfigurationIsVisible = 0;
			defaultConfigurationName = Release;
		};
/* End XCConfigurationList section */
	};
	rootObject = 14EAF1EA1DDE400A00874D28 /* Project object */;
}
