// !$*UTF8*$!
{
	archiveVersion = 1;
	classes = {
	};
	objectVersion = 46;
	objects = {

/* Begin PBXBuildFile section */
		14EAF1F71DDE400A00874D28 /* main.m in Sources */ = {isa = PBXBuildFile; fileRef = 14EAF1F61DDE400A00874D28 /* main.m */; };
		14EAF1FA1DDE400A00874D28 /* AppDelegate.m in Sources */ = {isa = PBXBuildFile; fileRef = 14EAF1F91DDE400A00874D28 /* AppDelegate.m */; };
		14EAF1FD1DDE400A00874D28 /* ViewController.m in Sources */ = {isa = PBXBuildFile; fileRef = 14EAF1FC1DDE400A00874D28 /* ViewController.m */; };
		14EAF2001DDE400A00874D28 /* Main.storyboard in Resources */ = {isa = PBXBuildFile; fileRef = 14EAF1FE1DDE400A00874D28 /* Main.storyboard */; };
		14EAF2021DDE400A00874D28 /* Assets.xcassets in Resources */ = {isa = PBXBuildFile; fileRef = 14EAF2011DDE400A00874D28 /* Assets.xcassets */; };
		14EAF2051DDE400A00874D28 /* LaunchScreen.storyboard in Resources */ = {isa = PBXBuildFile; fileRef = 14EAF2031DDE400A00874D28 /* LaunchScreen.storyboard */; };
		14EAF2101DDE400B00874D28 /* whatsUpTests.m in Sources */ = {isa = PBXBuildFile; fileRef = 14EAF20F1DDE400B00874D28 /* whatsUpTests.m */; };
		14EAF21B1DDE400B00874D28 /* whatsUpUITests.m in Sources */ = {isa = PBXBuildFile; fileRef = 14EAF21A1DDE400B00874D28 /* whatsUpUITests.m */; };
/* End PBXBuildFile section */

/* Begin PBXContainerItemProxy section */
		14EAF20C1DDE400B00874D28 /* PBXContainerItemProxy */ = {
			isa = PBXContainerItemProxy;
			containerPortal = 14EAF1EA1DDE400A00874D28 /* Project object */;
			proxyType = 1;
			remoteGlobalIDString = 14EAF1F11DDE400A00874D28;
			remoteInfo = whatsUp;
		};
		14EAF2171DDE400B00874D28 /* PBXContainerItemProxy */ = {
			isa = PBXContainerItemProxy;
			containerPortal = 14EAF1EA1DDE400A00874D28 /* Project object */;
			proxyType = 1;
			remoteGlobalIDString = 14EAF1F11DDE400A00874D28;
			remoteInfo = whatsUp;
		};
/* End PBXContainerItemProxy section */

/* Begin PBXFileReference section */
		14EAF1F21DDE400A00874D28 /* whatsUp.app */ = {isa = PBXFileReference; explicitFileType = wrapper.application; includeInIndex = 0; path = whatsUp.app; sourceTree = BUILT_PRODUCTS_DIR; };
		14EAF1F61DDE400A00874D28 /* main.m */ = {isa = PBXFileReference; lastKnownFileType = sourcecode.c.objc; path = main.m; sourceTree = "<group>"; };
		14EAF1F81DDE400A00874D28 /* AppDelegate.h */ = {isa = PBXFileReference; lastKnownFileType = sourcecode.c.h; path = AppDelegate.h; sourceTree = "<group>"; };
		14EAF1F91DDE400A00874D28 /* AppDelegate.m */ = {isa = PBXFileReference; lastKnownFileType = sourcecode.c.objc; path = AppDelegate.m; sourceTree = "<group>"; };
		14EAF1FB1DDE400A00874D28 /* ViewController.h */ = {isa = PBXFileReference; lastKnownFileType = sourcecode.c.h; path = ViewController.h; sourceTree = "<group>"; };
		14EAF1FC1DDE400A00874D28 /* ViewController.m */ = {isa = PBXFileReference; lastKnownFileType = sourcecode.c.objc; path = ViewController.m; sourceTree = "<group>"; };
		14EAF1FF1DDE400A00874D28 /* Base */ = {isa = PBXFileReference; lastKnownFileType = file.storyboard; name = Base; path = Base.lproj/Main.storyboard; sourceTree = "<group>"; };
		14EAF2011DDE400A00874D28 /* Assets.xcassets */ = {isa = PBXFileReference; lastKnownFileType = folder.assetcatalog; path = Assets.xcassets; sourceTree = "<group>"; };
		14EAF2041DDE400A00874D28 /* Base */ = {isa = PBXFileReference; lastKnownFileType = file.storyboard; name = Base; path = Base.lproj/LaunchScreen.storyboard; sourceTree = "<group>"; };
		14EAF2061DDE400A00874D28 /* Info.plist */ = {isa = PBXFileReference; lastKnownFileType = text.plist.xml; path = Info.plist; sourceTree = "<group>"; };
		14EAF20B1DDE400B00874D28 /* whatsUpTests.xctest */ = {isa = PBXFileReference; explicitFileType = wrapper.cfbundle; includeInIndex = 0; path = whatsUpTests.xctest; sourceTree = BUILT_PRODUCTS_DIR; };
		14EAF20F1DDE400B00874D28 /* whatsUpTests.m */ = {isa = PBXFileReference; lastKnownFileType = sourcecode.c.objc; path = whatsUpTests.m; sourceTree = "<group>"; };
		14EAF2111DDE400B00874D28 /* Info.plist */ = {isa = PBXFileReference; lastKnownFileType = text.plist.xml; path = Info.plist; sourceTree = "<group>"; };
		14EAF2161DDE400B00874D28 /* whatsUpUITests.xctest */ = {isa = PBXFileReference; explicitFileType = wrapper.cfbundle; includeInIndex = 0; path = whatsUpUITests.xctest; sourceTree = BUILT_PRODUCTS_DIR; };
		14EAF21A1DDE400B00874D28 /* whatsUpUITests.m */ = {isa = PBXFileReference; lastKnownFileType = sourcecode.c.objc; path = whatsUpUITests.m; sourceTree = "<group>"; };
		14EAF21C1DDE400B00874D28 /* Info.plist */ = {isa = PBXFileReference; lastKnownFileType = text.plist.xml; path = Info.plist; sourceTree = "<group>"; };
/* End PBXFileReference section */

/* Begin PBXFrameworksBuildPhase section */
		14EAF1EF1DDE400A00874D28 /* Frameworks */ = {
			isa = PBXFrameworksBuildPhase;
			buildActionMask = 2147483647;
			files = (
			);
			runOnlyForDeploymentPostprocessing = 0;
		};
		14EAF2081DDE400B00874D28 /* Frameworks */ = {
			isa = PBXFrameworksBuildPhase;
			buildActionMask = 2147483647;
			files = (
			);
			runOnlyForDeploymentPostprocessing = 0;
		};
		14EAF2131DDE400B00874D28 /* Frameworks */ = {
			isa = PBXFrameworksBuildPhase;
			buildActionMask = 2147483647;
			files = (
			);
			runOnlyForDeploymentPostprocessing = 0;
		};
/* End PBXFrameworksBuildPhase section */

/* Begin PBXGroup section */
		14EAF1E91DDE400A00874D28 = {
			isa = PBXGroup;
			children = (
				14EAF1F41DDE400A00874D28 /* whatsUp */,
				14EAF20E1DDE400B00874D28 /* whatsUpTests */,
				14EAF2191DDE400B00874D28 /* whatsUpUITests */,
				14EAF1F31DDE400A00874D28 /* Products */,
			);
			sourceTree = "<group>";
		};
		14EAF1F31DDE400A00874D28 /* Products */ = {
			isa = PBXGroup;
			children = (
				14EAF1F21DDE400A00874D28 /* whatsUp.app */,
				14EAF20B1DDE400B00874D28 /* whatsUpTests.xctest */,
				14EAF2161DDE400B00874D28 /* whatsUpUITests.xctest */,
			);
			name = Products;
			sourceTree = "<group>";
		};
		14EAF1F41DDE400A00874D28 /* whatsUp */ = {
			isa = PBXGroup;
			children = (
				14EAF1F81DDE400A00874D28 /* AppDelegate.h */,
				14EAF1F91DDE400A00874D28 /* AppDelegate.m */,
				14EAF1FB1DDE400A00874D28 /* ViewController.h */,
				14EAF1FC1DDE400A00874D28 /* ViewController.m */,
				14EAF1FE1DDE400A00874D28 /* Main.storyboard */,
				14EAF2011DDE400A00874D28 /* Assets.xcassets */,
				14EAF2031DDE400A00874D28 /* LaunchScreen.storyboard */,
				14EAF2061DDE400A00874D28 /* Info.plist */,
				14EAF1F51DDE400A00874D28 /* Supporting Files */,
			);
			path = whatsUp;
			sourceTree = "<group>";
		};
		14EAF1F51DDE400A00874D28 /* Supporting Files */ = {
			isa = PBXGroup;
			children = (
				14EAF1F61DDE400A00874D28 /* main.m */,
			);
			name = "Supporting Files";
			sourceTree = "<group>";
		};
		14EAF20E1DDE400B00874D28 /* whatsUpTests */ = {
			isa = PBXGroup;
			children = (
				14EAF20F1DDE400B00874D28 /* whatsUpTests.m */,
				14EAF2111DDE400B00874D28 /* Info.plist */,
			);
			path = whatsUpTests;
			sourceTree = "<group>";
		};
		14EAF2191DDE400B00874D28 /* whatsUpUITests */ = {
			isa = PBXGroup;
			children = (
				14EAF21A1DDE400B00874D28 /* whatsUpUITests.m */,
				14EAF21C1DDE400B00874D28 /* Info.plist */,
			);
			path = whatsUpUITests;
			sourceTree = "<group>";
		};
/* End PBXGroup section */

/* Begin PBXNativeTarget section */
		14EAF1F11DDE400A00874D28 /* whatsUp */ = {
			isa = PBXNativeTarget;
			buildConfigurationList = 14EAF21F1DDE400B00874D28 /* Build configuration list for PBXNativeTarget "whatsUp" */;
			buildPhases = (
				14EAF1EE1DDE400A00874D28 /* Sources */,
				14EAF1EF1DDE400A00874D28 /* Frameworks */,
				14EAF1F01DDE400A00874D28 /* Resources */,
			);
			buildRules = (
			);
			dependencies = (
			);
			name = whatsUp;
			productName = whatsUp;
			productReference = 14EAF1F21DDE400A00874D28 /* whatsUp.app */;
			productType = "com.apple.product-type.application";
		};
		14EAF20A1DDE400B00874D28 /* whatsUpTests */ = {
			isa = PBXNativeTarget;
			buildConfigurationList = 14EAF2221DDE400B00874D28 /* Build configuration list for PBXNativeTarget "whatsUpTests" */;
			buildPhases = (
				14EAF2071DDE400B00874D28 /* Sources */,
				14EAF2081DDE400B00874D28 /* Frameworks */,
				14EAF2091DDE400B00874D28 /* Resources */,
			);
			buildRules = (
			);
			dependencies = (
				14EAF20D1DDE400B00874D28 /* PBXTargetDependency */,
			);
			name = whatsUpTests;
			productName = whatsUpTests;
			productReference = 14EAF20B1DDE400B00874D28 /* whatsUpTests.xctest */;
			productType = "com.apple.product-type.bundle.unit-test";
		};
		14EAF2151DDE400B00874D28 /* whatsUpUITests */ = {
			isa = PBXNativeTarget;
			buildConfigurationList = 14EAF2251DDE400B00874D28 /* Build configuration list for PBXNativeTarget "whatsUpUITests" */;
			buildPhases = (
				14EAF2121DDE400B00874D28 /* Sources */,
				14EAF2131DDE400B00874D28 /* Frameworks */,
				14EAF2141DDE400B00874D28 /* Resources */,
			);
			buildRules = (
			);
			dependencies = (
				14EAF2181DDE400B00874D28 /* PBXTargetDependency */,
			);
			name = whatsUpUITests;
			productName = whatsUpUITests;
			productReference = 14EAF2161DDE400B00874D28 /* whatsUpUITests.xctest */;
			productType = "com.apple.product-type.bundle.ui-testing";
		};
/* End PBXNativeTarget section */

/* Begin PBXProject section */
		14EAF1EA1DDE400A00874D28 /* Project object */ = {
			isa = PBXProject;
			attributes = {
				LastUpgradeCheck = 0800;
				ORGANIZATIONNAME = NYU;
				TargetAttributes = {
					14EAF1F11DDE400A00874D28 = {
						CreatedOnToolsVersion = 8.0;
						ProvisioningStyle = Automatic;
					};
					14EAF20A1DDE400B00874D28 = {
						CreatedOnToolsVersion = 8.0;
						ProvisioningStyle = Automatic;
						TestTargetID = 14EAF1F11DDE400A00874D28;
					};
					14EAF2151DDE400B00874D28 = {
						CreatedOnToolsVersion = 8.0;
						ProvisioningStyle = Automatic;
						TestTargetID = 14EAF1F11DDE400A00874D28;
					};
				};
			};
			buildConfigurationList = 14EAF1ED1DDE400A00874D28 /* Build configuration list for PBXProject "whatsUp" */;
			compatibilityVersion = "Xcode 3.2";
			developmentRegion = English;
			hasScannedForEncodings = 0;
			knownRegions = (
				en,
				Base,
			);
			mainGroup = 14EAF1E91DDE400A00874D28;
			productRefGroup = 14EAF1F31DDE400A00874D28 /* Products */;
			projectDirPath = "";
			projectRoot = "";
			targets = (
				14EAF1F11DDE400A00874D28 /* whatsUp */,
				14EAF20A1DDE400B00874D28 /* whatsUpTests */,
				14EAF2151DDE400B00874D28 /* whatsUpUITests */,
			);
		};
/* End PBXProject section */

/* Begin PBXResourcesBuildPhase section */
		14EAF1F01DDE400A00874D28 /* Resources */ = {
			isa = PBXResourcesBuildPhase;
			buildActionMask = 2147483647;
			files = (
				14EAF2051DDE400A00874D28 /* LaunchScreen.storyboard in Resources */,
				14EAF2021DDE400A00874D28 /* Assets.xcassets in Resources */,
				14EAF2001DDE400A00874D28 /* Main.storyboard in Resources */,
			);
			runOnlyForDeploymentPostprocessing = 0;
		};
		14EAF2091DDE400B00874D28 /* Resources */ = {
			isa = PBXResourcesBuildPhase;
			buildActionMask = 2147483647;
			files = (
			);
			runOnlyForDeploymentPostprocessing = 0;
		};
		14EAF2141DDE400B00874D28 /* Resources */ = {
			isa = PBXResourcesBuildPhase;
			buildActionMask = 2147483647;
			files = (
			);
			runOnlyForDeploymentPostprocessing = 0;
		};
/* End PBXResourcesBuildPhase section */

/* Begin PBXSourcesBuildPhase section */
		14EAF1EE1DDE400A00874D28 /* Sources */ = {
			isa = PBXSourcesBuildPhase;
			buildActionMask = 2147483647;
			files = (
				14EAF1FD1DDE400A00874D28 /* ViewController.m in Sources */,
				14EAF1FA1DDE400A00874D28 /* AppDelegate.m in Sources */,
				14EAF1F71DDE400A00874D28 /* main.m in Sources */,
			);
			runOnlyForDeploymentPostprocessing = 0;
		};
		14EAF2071DDE400B00874D28 /* Sources */ = {
			isa = PBXSourcesBuildPhase;
			buildActionMask = 2147483647;
			files = (
				14EAF2101DDE400B00874D28 /* whatsUpTests.m in Sources */,
			);
			runOnlyForDeploymentPostprocessing = 0;
		};
		14EAF2121DDE400B00874D28 /* Sources */ = {
			isa = PBXSourcesBuildPhase;
			buildActionMask = 2147483647;
			files = (
				14EAF21B1DDE400B00874D28 /* whatsUpUITests.m in Sources */,
			);
			runOnlyForDeploymentPostprocessing = 0;
		};
/* End PBXSourcesBuildPhase section */

/* Begin PBXTargetDependency section */
		14EAF20D1DDE400B00874D28 /* PBXTargetDependency */ = {
			isa = PBXTargetDependency;
			target = 14EAF1F11DDE400A00874D28 /* whatsUp */;
			targetProxy = 14EAF20C1DDE400B00874D28 /* PBXContainerItemProxy */;
		};
		14EAF2181DDE400B00874D28 /* PBXTargetDependency */ = {
			isa = PBXTargetDependency;
			target = 14EAF1F11DDE400A00874D28 /* whatsUp */;
			targetProxy = 14EAF2171DDE400B00874D28 /* PBXContainerItemProxy */;
		};
/* End PBXTargetDependency section */

/* Begin PBXVariantGroup section */
		14EAF1FE1DDE400A00874D28 /* Main.storyboard */ = {
			isa = PBXVariantGroup;
			children = (
				14EAF1FF1DDE400A00874D28 /* Base */,
			);
			name = Main.storyboard;
			sourceTree = "<group>";
		};
		14EAF2031DDE400A00874D28 /* LaunchScreen.storyboard */ = {
			isa = PBXVariantGroup;
			children = (
				14EAF2041DDE400A00874D28 /* Base */,
			);
			name = LaunchScreen.storyboard;
			sourceTree = "<group>";
		};
/* End PBXVariantGroup section */

/* Begin XCBuildConfiguration section */
		14EAF21D1DDE400B00874D28 /* Debug */ = {
			isa = XCBuildConfiguration;
			buildSettings = {
				ALWAYS_SEARCH_USER_PATHS = NO;
				CLANG_ANALYZER_NONNULL = YES;
				CLANG_CXX_LANGUAGE_STANDARD = "gnu++0x";
				CLANG_CXX_LIBRARY = "libc++";
				CLANG_ENABLE_MODULES = YES;
				CLANG_ENABLE_OBJC_ARC = YES;
				CLANG_WARN_BOOL_CONVERSION = YES;
				CLANG_WARN_CONSTANT_CONVERSION = YES;
				CLANG_WARN_DIRECT_OBJC_ISA_USAGE = YES_ERROR;
				CLANG_WARN_DOCUMENTATION_COMMENTS = YES;
				CLANG_WARN_EMPTY_BODY = YES;
				CLANG_WARN_ENUM_CONVERSION = YES;
				CLANG_WARN_INFINITE_RECURSION = YES;
				CLANG_WARN_INT_CONVERSION = YES;
				CLANG_WARN_OBJC_ROOT_CLASS = YES_ERROR;
				CLANG_WARN_SUSPICIOUS_MOVES = YES;
				CLANG_WARN_UNREACHABLE_CODE = YES;
				CLANG_WARN__DUPLICATE_METHOD_MATCH = YES;
				"CODE_SIGN_IDENTITY[sdk=iphoneos*]" = "iPhone Developer";
				COPY_PHASE_STRIP = NO;
				DEBUG_INFORMATION_FORMAT = dwarf;
				ENABLE_STRICT_OBJC_MSGSEND = YES;
				ENABLE_TESTABILITY = YES;
				GCC_C_LANGUAGE_STANDARD = gnu99;
				GCC_DYNAMIC_NO_PIC = NO;
				GCC_NO_COMMON_BLOCKS = YES;
				GCC_OPTIMIZATION_LEVEL = 0;
				GCC_PREPROCESSOR_DEFINITIONS = (
					"DEBUG=1",
					"$(inherited)",
				);
				GCC_WARN_64_TO_32_BIT_CONVERSION = YES;
				GCC_WARN_ABOUT_RETURN_TYPE = YES_ERROR;
				GCC_WARN_UNDECLARED_SELECTOR = YES;
				GCC_WARN_UNINITIALIZED_AUTOS = YES_AGGRESSIVE;
				GCC_WARN_UNUSED_FUNCTION = YES;
				GCC_WARN_UNUSED_VARIABLE = YES;
				IPHONEOS_DEPLOYMENT_TARGET = 10.0;
				MTL_ENABLE_DEBUG_INFO = YES;
				ONLY_ACTIVE_ARCH = YES;
				SDKROOT = iphoneos;
			};
			name = Debug;
		};
		14EAF21E1DDE400B00874D28 /* Release */ = {
			isa = XCBuildConfiguration;
			buildSettings = {
				ALWAYS_SEARCH_USER_PATHS = NO;
				CLANG_ANALYZER_NONNULL = YES;
				CLANG_CXX_LANGUAGE_STANDARD = "gnu++0x";
				CLANG_CXX_LIBRARY = "libc++";
				CLANG_ENABLE_MODULES = YES;
				CLANG_ENABLE_OBJC_ARC = YES;
				CLANG_WARN_BOOL_CONVERSION = YES;
				CLANG_WARN_CONSTANT_CONVERSION = YES;
				CLANG_WARN_DIRECT_OBJC_ISA_USAGE = YES_ERROR;
				CLANG_WARN_DOCUMENTATION_COMMENTS = YES;
				CLANG_WARN_EMPTY_BODY = YES;
				CLANG_WARN_ENUM_CONVERSION = YES;
				CLANG_WARN_INFINITE_RECURSION = YES;
				CLANG_WARN_INT_CONVERSION = YES;
				CLANG_WARN_OBJC_ROOT_CLASS = YES_ERROR;
				CLANG_WARN_SUSPICIOUS_MOVES = YES;
				CLANG_WARN_UNREACHABLE_CODE = YES;
				CLANG_WARN__DUPLICATE_METHOD_MATCH = YES;
				"CODE_SIGN_IDENTITY[sdk=iphoneos*]" = "iPhone Developer";
				COPY_PHASE_STRIP = NO;
				DEBUG_INFORMATION_FORMAT = "dwarf-with-dsym";
				ENABLE_NS_ASSERTIONS = NO;
				ENABLE_STRICT_OBJC_MSGSEND = YES;
				GCC_C_LANGUAGE_STANDARD = gnu99;
				GCC_NO_COMMON_BLOCKS = YES;
				GCC_WARN_64_TO_32_BIT_CONVERSION = YES;
				GCC_WARN_ABOUT_RETURN_TYPE = YES_ERROR;
				GCC_WARN_UNDECLARED_SELECTOR = YES;
				GCC_WARN_UNINITIALIZED_AUTOS = YES_AGGRESSIVE;
				GCC_WARN_UNUSED_FUNCTION = YES;
				GCC_WARN_UNUSED_VARIABLE = YES;
				IPHONEOS_DEPLOYMENT_TARGET = 10.0;
				MTL_ENABLE_DEBUG_INFO = NO;
				SDKROOT = iphoneos;
				VALIDATE_PRODUCT = YES;
			};
			name = Release;
		};
		14EAF2201DDE400B00874D28 /* Debug */ = {
			isa = XCBuildConfiguration;
			buildSettings = {
				ASSETCATALOG_COMPILER_APPICON_NAME = AppIcon;
				INFOPLIST_FILE = whatsUp/Info.plist;
				LD_RUNPATH_SEARCH_PATHS = "$(inherited) @executable_path/Frameworks";
				PRODUCT_BUNDLE_IDENTIFIER = nyu.edu.whatsUp;
				PRODUCT_NAME = "$(TARGET_NAME)";
			};
			name = Debug;
		};
		14EAF2211DDE400B00874D28 /* Release */ = {
			isa = XCBuildConfiguration;
			buildSettings = {
				ASSETCATALOG_COMPILER_APPICON_NAME = AppIcon;
				INFOPLIST_FILE = whatsUp/Info.plist;
				LD_RUNPATH_SEARCH_PATHS = "$(inherited) @executable_path/Frameworks";
				PRODUCT_BUNDLE_IDENTIFIER = nyu.edu.whatsUp;
				PRODUCT_NAME = "$(TARGET_NAME)";
			};
			name = Release;
		};
		14EAF2231DDE400B00874D28 /* Debug */ = {
			isa = XCBuildConfiguration;
			buildSettings = {
				BUNDLE_LOADER = "$(TEST_HOST)";
				INFOPLIST_FILE = whatsUpTests/Info.plist;
				LD_RUNPATH_SEARCH_PATHS = "$(inherited) @executable_path/Frameworks @loader_path/Frameworks";
				PRODUCT_BUNDLE_IDENTIFIER = nyu.edu.whatsUpTests;
				PRODUCT_NAME = "$(TARGET_NAME)";
				TEST_HOST = "$(BUILT_PRODUCTS_DIR)/whatsUp.app/whatsUp";
			};
			name = Debug;
		};
		14EAF2241DDE400B00874D28 /* Release */ = {
			isa = XCBuildConfiguration;
			buildSettings = {
				BUNDLE_LOADER = "$(TEST_HOST)";
				INFOPLIST_FILE = whatsUpTests/Info.plist;
				LD_RUNPATH_SEARCH_PATHS = "$(inherited) @executable_path/Frameworks @loader_path/Frameworks";
				PRODUCT_BUNDLE_IDENTIFIER = nyu.edu.whatsUpTests;
				PRODUCT_NAME = "$(TARGET_NAME)";
				TEST_HOST = "$(BUILT_PRODUCTS_DIR)/whatsUp.app/whatsUp";
			};
			name = Release;
		};
		14EAF2261DDE400B00874D28 /* Debug */ = {
			isa = XCBuildConfiguration;
			buildSettings = {
				INFOPLIST_FILE = whatsUpUITests/Info.plist;
				LD_RUNPATH_SEARCH_PATHS = "$(inherited) @executable_path/Frameworks @loader_path/Frameworks";
				PRODUCT_BUNDLE_IDENTIFIER = nyu.edu.whatsUpUITests;
				PRODUCT_NAME = "$(TARGET_NAME)";
				TEST_TARGET_NAME = whatsUp;
			};
			name = Debug;
		};
		14EAF2271DDE400B00874D28 /* Release */ = {
			isa = XCBuildConfiguration;
			buildSettings = {
				INFOPLIST_FILE = whatsUpUITests/Info.plist;
				LD_RUNPATH_SEARCH_PATHS = "$(inherited) @executable_path/Frameworks @loader_path/Frameworks";
				PRODUCT_BUNDLE_IDENTIFIER = nyu.edu.whatsUpUITests;
				PRODUCT_NAME = "$(TARGET_NAME)";
				TEST_TARGET_NAME = whatsUp;
			};
			name = Release;
		};
/* End XCBuildConfiguration section */

/* Begin XCConfigurationList section */
		14EAF1ED1DDE400A00874D28 /* Build configuration list for PBXProject "whatsUp" */ = {
			isa = XCConfigurationList;
			buildConfigurations = (
				14EAF21D1DDE400B00874D28 /* Debug */,
				14EAF21E1DDE400B00874D28 /* Release */,
			);
			defaultConfigurationIsVisible = 0;
			defaultConfigurationName = Release;
		};
		14EAF21F1DDE400B00874D28 /* Build configuration list for PBXNativeTarget "whatsUp" */ = {
			isa = XCConfigurationList;
			buildConfigurations = (
				14EAF2201DDE400B00874D28 /* Debug */,
				14EAF2211DDE400B00874D28 /* Release */,
			);
			defaultConfigurationIsVisible = 0;
		};
		14EAF2221DDE400B00874D28 /* Build configuration list for PBXNativeTarget "whatsUpTests" */ = {
			isa = XCConfigurationList;
			buildConfigurations = (
				14EAF2231DDE400B00874D28 /* Debug */,
				14EAF2241DDE400B00874D28 /* Release */,
			);
			defaultConfigurationIsVisible = 0;
		};
		14EAF2251DDE400B00874D28 /* Build configuration list for PBXNativeTarget "whatsUpUITests" */ = {
			isa = XCConfigurationList;
			buildConfigurations = (
				14EAF2261DDE400B00874D28 /* Debug */,
				14EAF2271DDE400B00874D28 /* Release */,
			);
			defaultConfigurationIsVisible = 0;
		};
/* End XCConfigurationList section */
	};
	rootObject = 14EAF1EA1DDE400A00874D28 /* Project object */;
}
